// !$*UTF8*$!
{
	archiveVersion = 1;
	classes = {
	};
	objectVersion = 55;
	objects = {

/* Begin PBXBuildFile section */
		52090F56286A3D28009ADB60 /* AppDelegate.swift in Sources */ = {isa = PBXBuildFile; fileRef = 52090F55286A3D28009ADB60 /* AppDelegate.swift */; };
		52090F58286A3D28009ADB60 /* SceneDelegate.swift in Sources */ = {isa = PBXBuildFile; fileRef = 52090F57286A3D28009ADB60 /* SceneDelegate.swift */; };
		52090F5D286A3D28009ADB60 /* Main.storyboard in Resources */ = {isa = PBXBuildFile; fileRef = 52090F5B286A3D28009ADB60 /* Main.storyboard */; };
		52090F60286A3D28009ADB60 /* toDoList.xcdatamodeld in Sources */ = {isa = PBXBuildFile; fileRef = 52090F5E286A3D28009ADB60 /* toDoList.xcdatamodeld */; };
		52090F62286A3D30009ADB60 /* Assets.xcassets in Resources */ = {isa = PBXBuildFile; fileRef = 52090F61286A3D30009ADB60 /* Assets.xcassets */; };
		52090F65286A3D30009ADB60 /* LaunchScreen.storyboard in Resources */ = {isa = PBXBuildFile; fileRef = 52090F63286A3D30009ADB60 /* LaunchScreen.storyboard */; };
		52090F70286A3D31009ADB60 /* toDoListTests.swift in Sources */ = {isa = PBXBuildFile; fileRef = 52090F6F286A3D31009ADB60 /* toDoListTests.swift */; };
		52090F7A286A3D31009ADB60 /* toDoListUITests.swift in Sources */ = {isa = PBXBuildFile; fileRef = 52090F79286A3D31009ADB60 /* toDoListUITests.swift */; };
		52090F7C286A3D31009ADB60 /* toDoListUITestsLaunchTests.swift in Sources */ = {isa = PBXBuildFile; fileRef = 52090F7B286A3D31009ADB60 /* toDoListUITestsLaunchTests.swift */; };
		52090F89286A42CE009ADB60 /* ToDoTableViewController.swift in Sources */ = {isa = PBXBuildFile; fileRef = 52090F88286A42CE009ADB60 /* ToDoTableViewController.swift */; };
		52090F8B286A42FB009ADB60 /* ToDo.swift in Sources */ = {isa = PBXBuildFile; fileRef = 52090F8A286A42FB009ADB60 /* ToDo.swift */; };
/* End PBXBuildFile section */

/* Begin PBXContainerItemProxy section */
		52090F6C286A3D31009ADB60 /* PBXContainerItemProxy */ = {
			isa = PBXContainerItemProxy;
			containerPortal = 52090F4A286A3D28009ADB60 /* Project object */;
			proxyType = 1;
			remoteGlobalIDString = 52090F51286A3D28009ADB60;
			remoteInfo = toDoList;
		};
		52090F76286A3D31009ADB60 /* PBXContainerItemProxy */ = {
			isa = PBXContainerItemProxy;
			containerPortal = 52090F4A286A3D28009ADB60 /* Project object */;
			proxyType = 1;
			remoteGlobalIDString = 52090F51286A3D28009ADB60;
			remoteInfo = toDoList;
		};
/* End PBXContainerItemProxy section */

/* Begin PBXFileReference section */
		52090F52286A3D28009ADB60 /* toDoList.app */ = {isa = PBXFileReference; explicitFileType = wrapper.application; includeInIndex = 0; path = toDoList.app; sourceTree = BUILT_PRODUCTS_DIR; };
		52090F55286A3D28009ADB60 /* AppDelegate.swift */ = {isa = PBXFileReference; lastKnownFileType = sourcecode.swift; path = AppDelegate.swift; sourceTree = "<group>"; };
		52090F57286A3D28009ADB60 /* SceneDelegate.swift */ = {isa = PBXFileReference; lastKnownFileType = sourcecode.swift; path = SceneDelegate.swift; sourceTree = "<group>"; };
		52090F5C286A3D28009ADB60 /* Base */ = {isa = PBXFileReference; lastKnownFileType = file.storyboard; name = Base; path = Base.lproj/Main.storyboard; sourceTree = "<group>"; };
		52090F5F286A3D28009ADB60 /* toDoList.xcdatamodel */ = {isa = PBXFileReference; lastKnownFileType = wrapper.xcdatamodel; path = toDoList.xcdatamodel; sourceTree = "<group>"; };
		52090F61286A3D30009ADB60 /* Assets.xcassets */ = {isa = PBXFileReference; lastKnownFileType = folder.assetcatalog; path = Assets.xcassets; sourceTree = "<group>"; };
		52090F64286A3D30009ADB60 /* Base */ = {isa = PBXFileReference; lastKnownFileType = file.storyboard; name = Base; path = Base.lproj/LaunchScreen.storyboard; sourceTree = "<group>"; };
		52090F66286A3D30009ADB60 /* Info.plist */ = {isa = PBXFileReference; lastKnownFileType = text.plist.xml; path = Info.plist; sourceTree = "<group>"; };
		52090F6B286A3D31009ADB60 /* toDoListTests.xctest */ = {isa = PBXFileReference; explicitFileType = wrapper.cfbundle; includeInIndex = 0; path = toDoListTests.xctest; sourceTree = BUILT_PRODUCTS_DIR; };
		52090F6F286A3D31009ADB60 /* toDoListTests.swift */ = {isa = PBXFileReference; lastKnownFileType = sourcecode.swift; path = toDoListTests.swift; sourceTree = "<group>"; };
		52090F75286A3D31009ADB60 /* toDoListUITests.xctest */ = {isa = PBXFileReference; explicitFileType = wrapper.cfbundle; includeInIndex = 0; path = toDoListUITests.xctest; sourceTree = BUILT_PRODUCTS_DIR; };
		52090F79286A3D31009ADB60 /* toDoListUITests.swift */ = {isa = PBXFileReference; lastKnownFileType = sourcecode.swift; path = toDoListUITests.swift; sourceTree = "<group>"; };
		52090F7B286A3D31009ADB60 /* toDoListUITestsLaunchTests.swift */ = {isa = PBXFileReference; lastKnownFileType = sourcecode.swift; path = toDoListUITestsLaunchTests.swift; sourceTree = "<group>"; };
		52090F88286A42CE009ADB60 /* ToDoTableViewController.swift */ = {isa = PBXFileReference; lastKnownFileType = sourcecode.swift; path = ToDoTableViewController.swift; sourceTree = "<group>"; };
		52090F8A286A42FB009ADB60 /* ToDo.swift */ = {isa = PBXFileReference; lastKnownFileType = sourcecode.swift; path = ToDo.swift; sourceTree = "<group>"; };
/* End PBXFileReference section */

/* Begin PBXFrameworksBuildPhase section */
		52090F4F286A3D28009ADB60 /* Frameworks */ = {
			isa = PBXFrameworksBuildPhase;
			buildActionMask = 2147483647;
			files = (
			);
			runOnlyForDeploymentPostprocessing = 0;
		};
		52090F68286A3D31009ADB60 /* Frameworks */ = {
			isa = PBXFrameworksBuildPhase;
			buildActionMask = 2147483647;
			files = (
			);
			runOnlyForDeploymentPostprocessing = 0;
		};
		52090F72286A3D31009ADB60 /* Frameworks */ = {
			isa = PBXFrameworksBuildPhase;
			buildActionMask = 2147483647;
			files = (
			);
			runOnlyForDeploymentPostprocessing = 0;
		};
/* End PBXFrameworksBuildPhase section */

/* Begin PBXGroup section */
		52090F49286A3D28009ADB60 = {
			isa = PBXGroup;
			children = (
				52090F54286A3D28009ADB60 /* toDoList */,
				52090F6E286A3D31009ADB60 /* toDoListTests */,
				52090F78286A3D31009ADB60 /* toDoListUITests */,
				52090F53286A3D28009ADB60 /* Products */,
			);
			sourceTree = "<group>";
		};
		52090F53286A3D28009ADB60 /* Products */ = {
			isa = PBXGroup;
			children = (
				52090F52286A3D28009ADB60 /* toDoList.app */,
				52090F6B286A3D31009ADB60 /* toDoListTests.xctest */,
				52090F75286A3D31009ADB60 /* toDoListUITests.xctest */,
			);
			name = Products;
			sourceTree = "<group>";
		};
		52090F54286A3D28009ADB60 /* toDoList */ = {
			isa = PBXGroup;
			children = (
				52090F55286A3D28009ADB60 /* AppDelegate.swift */,
				52090F57286A3D28009ADB60 /* SceneDelegate.swift */,
				52090F5B286A3D28009ADB60 /* Main.storyboard */,
				52090F88286A42CE009ADB60 /* ToDoTableViewController.swift */,
				52090F8A286A42FB009ADB60 /* ToDo.swift */,
				52090F61286A3D30009ADB60 /* Assets.xcassets */,
				52090F63286A3D30009ADB60 /* LaunchScreen.storyboard */,
				52090F66286A3D30009ADB60 /* Info.plist */,
				52090F5E286A3D28009ADB60 /* toDoList.xcdatamodeld */,
			);
			path = toDoList;
			sourceTree = "<group>";
		};
		52090F6E286A3D31009ADB60 /* toDoListTests */ = {
			isa = PBXGroup;
			children = (
				52090F6F286A3D31009ADB60 /* toDoListTests.swift */,
			);
			path = toDoListTests;
			sourceTree = "<group>";
		};
		52090F78286A3D31009ADB60 /* toDoListUITests */ = {
			isa = PBXGroup;
			children = (
				52090F79286A3D31009ADB60 /* toDoListUITests.swift */,
				52090F7B286A3D31009ADB60 /* toDoListUITestsLaunchTests.swift */,
			);
			path = toDoListUITests;
			sourceTree = "<group>";
		};
/* End PBXGroup section */

/* Begin PBXNativeTarget section */
		52090F51286A3D28009ADB60 /* toDoList */ = {
			isa = PBXNativeTarget;
			buildConfigurationList = 52090F7F286A3D31009ADB60 /* Build configuration list for PBXNativeTarget "toDoList" */;
			buildPhases = (
				52090F4E286A3D28009ADB60 /* Sources */,
				52090F4F286A3D28009ADB60 /* Frameworks */,
				52090F50286A3D28009ADB60 /* Resources */,
			);
			buildRules = (
			);
			dependencies = (
			);
			name = toDoList;
			productName = toDoList;
			productReference = 52090F52286A3D28009ADB60 /* toDoList.app */;
			productType = "com.apple.product-type.application";
		};
		52090F6A286A3D31009ADB60 /* toDoListTests */ = {
			isa = PBXNativeTarget;
			buildConfigurationList = 52090F82286A3D31009ADB60 /* Build configuration list for PBXNativeTarget "toDoListTests" */;
			buildPhases = (
				52090F67286A3D31009ADB60 /* Sources */,
				52090F68286A3D31009ADB60 /* Frameworks */,
				52090F69286A3D31009ADB60 /* Resources */,
			);
			buildRules = (
			);
			dependencies = (
				52090F6D286A3D31009ADB60 /* PBXTargetDependency */,
			);
			name = toDoListTests;
			productName = toDoListTests;
			productReference = 52090F6B286A3D31009ADB60 /* toDoListTests.xctest */;
			productType = "com.apple.product-type.bundle.unit-test";
		};
		52090F74286A3D31009ADB60 /* toDoListUITests */ = {
			isa = PBXNativeTarget;
			buildConfigurationList = 52090F85286A3D31009ADB60 /* Build configuration list for PBXNativeTarget "toDoListUITests" */;
			buildPhases = (
				52090F71286A3D31009ADB60 /* Sources */,
				52090F72286A3D31009ADB60 /* Frameworks */,
				52090F73286A3D31009ADB60 /* Resources */,
			);
			buildRules = (
			);
			dependencies = (
				52090F77286A3D31009ADB60 /* PBXTargetDependency */,
			);
			name = toDoListUITests;
			productName = toDoListUITests;
			productReference = 52090F75286A3D31009ADB60 /* toDoListUITests.xctest */;
			productType = "com.apple.product-type.bundle.ui-testing";
		};
/* End PBXNativeTarget section */

/* Begin PBXProject section */
		52090F4A286A3D28009ADB60 /* Project object */ = {
			isa = PBXProject;
			attributes = {
				BuildIndependentTargetsInParallel = 1;
				LastSwiftUpdateCheck = 1340;
				LastUpgradeCheck = 1340;
				TargetAttributes = {
					52090F51286A3D28009ADB60 = {
						CreatedOnToolsVersion = 13.4;
					};
					52090F6A286A3D31009ADB60 = {
						CreatedOnToolsVersion = 13.4;
						TestTargetID = 52090F51286A3D28009ADB60;
					};
					52090F74286A3D31009ADB60 = {
						CreatedOnToolsVersion = 13.4;
						TestTargetID = 52090F51286A3D28009ADB60;
					};
				};
			};
			buildConfigurationList = 52090F4D286A3D28009ADB60 /* Build configuration list for PBXProject "toDoList" */;
			compatibilityVersion = "Xcode 13.0";
			developmentRegion = en;
			hasScannedForEncodings = 0;
			knownRegions = (
				en,
				Base,
			);
			mainGroup = 52090F49286A3D28009ADB60;
			productRefGroup = 52090F53286A3D28009ADB60 /* Products */;
			projectDirPath = "";
			projectRoot = "";
			targets = (
				52090F51286A3D28009ADB60 /* toDoList */,
				52090F6A286A3D31009ADB60 /* toDoListTests */,
				52090F74286A3D31009ADB60 /* toDoListUITests */,
			);
		};
/* End PBXProject section */

/* Begin PBXResourcesBuildPhase section */
		52090F50286A3D28009ADB60 /* Resources */ = {
			isa = PBXResourcesBuildPhase;
			buildActionMask = 2147483647;
			files = (
				52090F65286A3D30009ADB60 /* LaunchScreen.storyboard in Resources */,
				52090F62286A3D30009ADB60 /* Assets.xcassets in Resources */,
				52090F5D286A3D28009ADB60 /* Main.storyboard in Resources */,
			);
			runOnlyForDeploymentPostprocessing = 0;
		};
		52090F69286A3D31009ADB60 /* Resources */ = {
			isa = PBXResourcesBuildPhase;
			buildActionMask = 2147483647;
			files = (
			);
			runOnlyForDeploymentPostprocessing = 0;
		};
		52090F73286A3D31009ADB60 /* Resources */ = {
			isa = PBXResourcesBuildPhase;
			buildActionMask = 2147483647;
			files = (
			);
			runOnlyForDeploymentPostprocessing = 0;
		};
/* End PBXResourcesBuildPhase section */

/* Begin PBXSourcesBuildPhase section */
		52090F4E286A3D28009ADB60 /* Sources */ = {
			isa = PBXSourcesBuildPhase;
			buildActionMask = 2147483647;
			files = (
				52090F56286A3D28009ADB60 /* AppDelegate.swift in Sources */,
				52090F8B286A42FB009ADB60 /* ToDo.swift in Sources */,
				52090F58286A3D28009ADB60 /* SceneDelegate.swift in Sources */,
				52090F60286A3D28009ADB60 /* toDoList.xcdatamodeld in Sources */,
				52090F89286A42CE009ADB60 /* ToDoTableViewController.swift in Sources */,
			);
			runOnlyForDeploymentPostprocessing = 0;
		};
		52090F67286A3D31009ADB60 /* Sources */ = {
			isa = PBXSourcesBuildPhase;
			buildActionMask = 2147483647;
			files = (
				52090F70286A3D31009ADB60 /* toDoListTests.swift in Sources */,
			);
			runOnlyForDeploymentPostprocessing = 0;
		};
		52090F71286A3D31009ADB60 /* Sources */ = {
			isa = PBXSourcesBuildPhase;
			buildActionMask = 2147483647;
			files = (
				52090F7C286A3D31009ADB60 /* toDoListUITestsLaunchTests.swift in Sources */,
				52090F7A286A3D31009ADB60 /* toDoListUITests.swift in Sources */,
			);
			runOnlyForDeploymentPostprocessing = 0;
		};
/* End PBXSourcesBuildPhase section */

/* Begin PBXTargetDependency section */
		52090F6D286A3D31009ADB60 /* PBXTargetDependency */ = {
			isa = PBXTargetDependency;
			target = 52090F51286A3D28009ADB60 /* toDoList */;
			targetProxy = 52090F6C286A3D31009ADB60 /* PBXContainerItemProxy */;
		};
		52090F77286A3D31009ADB60 /* PBXTargetDependency */ = {
			isa = PBXTargetDependency;
			target = 52090F51286A3D28009ADB60 /* toDoList */;
			targetProxy = 52090F76286A3D31009ADB60 /* PBXContainerItemProxy */;
		};
/* End PBXTargetDependency section */

/* Begin PBXVariantGroup section */
		52090F5B286A3D28009ADB60 /* Main.storyboard */ = {
			isa = PBXVariantGroup;
			children = (
				52090F5C286A3D28009ADB60 /* Base */,
			);
			name = Main.storyboard;
			sourceTree = "<group>";
		};
		52090F63286A3D30009ADB60 /* LaunchScreen.storyboard */ = {
			isa = PBXVariantGroup;
			children = (
				52090F64286A3D30009ADB60 /* Base */,
			);
			name = LaunchScreen.storyboard;
			sourceTree = "<group>";
		};
/* End PBXVariantGroup section */

/* Begin XCBuildConfiguration section */
		52090F7D286A3D31009ADB60 /* Debug */ = {
			isa = XCBuildConfiguration;
			buildSettings = {
				ALWAYS_SEARCH_USER_PATHS = NO;
				CLANG_ANALYZER_NONNULL = YES;
				CLANG_ANALYZER_NUMBER_OBJECT_CONVERSION = YES_AGGRESSIVE;
				CLANG_CXX_LANGUAGE_STANDARD = "gnu++17";
				CLANG_ENABLE_MODULES = YES;
				CLANG_ENABLE_OBJC_ARC = YES;
				CLANG_ENABLE_OBJC_WEAK = YES;
				CLANG_WARN_BLOCK_CAPTURE_AUTORELEASING = YES;
				CLANG_WARN_BOOL_CONVERSION = YES;
				CLANG_WARN_COMMA = YES;
				CLANG_WARN_CONSTANT_CONVERSION = YES;
				CLANG_WARN_DEPRECATED_OBJC_IMPLEMENTATIONS = YES;
				CLANG_WARN_DIRECT_OBJC_ISA_USAGE = YES_ERROR;
				CLANG_WARN_DOCUMENTATION_COMMENTS = YES;
				CLANG_WARN_EMPTY_BODY = YES;
				CLANG_WARN_ENUM_CONVERSION = YES;
				CLANG_WARN_INFINITE_RECURSION = YES;
				CLANG_WARN_INT_CONVERSION = YES;
				CLANG_WARN_NON_LITERAL_NULL_CONVERSION = YES;
				CLANG_WARN_OBJC_IMPLICIT_RETAIN_SELF = YES;
				CLANG_WARN_OBJC_LITERAL_CONVERSION = YES;
				CLANG_WARN_OBJC_ROOT_CLASS = YES_ERROR;
				CLANG_WARN_QUOTED_INCLUDE_IN_FRAMEWORK_HEADER = YES;
				CLANG_WARN_RANGE_LOOP_ANALYSIS = YES;
				CLANG_WARN_STRICT_PROTOTYPES = YES;
				CLANG_WARN_SUSPICIOUS_MOVE = YES;
				CLANG_WARN_UNGUARDED_AVAILABILITY = YES_AGGRESSIVE;
				CLANG_WARN_UNREACHABLE_CODE = YES;
				CLANG_WARN__DUPLICATE_METHOD_MATCH = YES;
				COPY_PHASE_STRIP = NO;
				DEBUG_INFORMATION_FORMAT = dwarf;
				ENABLE_STRICT_OBJC_MSGSEND = YES;
				ENABLE_TESTABILITY = YES;
				GCC_C_LANGUAGE_STANDARD = gnu11;
				GCC_DYNAMIC_NO_PIC = NO;
				GCC_NO_COMMON_BLOCKS = YES;
				GCC_OPTIMIZATION_LEVEL = 0;
				GCC_PREPROCESSOR_DEFINITIONS = (
					"DEBUG=1",
					"$(inherited)",
				);
				GCC_WARN_64_TO_32_BIT_CONVERSION = YES;
				GCC_WARN_ABOUT_RETURN_TYPE = YES_ERROR;
				GCC_WARN_UNDECLARED_SELECTOR = YES;
				GCC_WARN_UNINITIALIZED_AUTOS = YES_AGGRESSIVE;
				GCC_WARN_UNUSED_FUNCTION = YES;
				GCC_WARN_UNUSED_VARIABLE = YES;
				IPHONEOS_DEPLOYMENT_TARGET = 15.5;
				MTL_ENABLE_DEBUG_INFO = INCLUDE_SOURCE;
				MTL_FAST_MATH = YES;
				ONLY_ACTIVE_ARCH = YES;
				SDKROOT = iphoneos;
				SWIFT_ACTIVE_COMPILATION_CONDITIONS = DEBUG;
				SWIFT_OPTIMIZATION_LEVEL = "-Onone";
			};
			name = Debug;
		};
		52090F7E286A3D31009ADB60 /* Release */ = {
			isa = XCBuildConfiguration;
			buildSettings = {
				ALWAYS_SEARCH_USER_PATHS = NO;
				CLANG_ANALYZER_NONNULL = YES;
				CLANG_ANALYZER_NUMBER_OBJECT_CONVERSION = YES_AGGRESSIVE;
				CLANG_CXX_LANGUAGE_STANDARD = "gnu++17";
				CLANG_ENABLE_MODULES = YES;
				CLANG_ENABLE_OBJC_ARC = YES;
				CLANG_ENABLE_OBJC_WEAK = YES;
				CLANG_WARN_BLOCK_CAPTURE_AUTORELEASING = YES;
				CLANG_WARN_BOOL_CONVERSION = YES;
				CLANG_WARN_COMMA = YES;
				CLANG_WARN_CONSTANT_CONVERSION = YES;
				CLANG_WARN_DEPRECATED_OBJC_IMPLEMENTATIONS = YES;
				CLANG_WARN_DIRECT_OBJC_ISA_USAGE = YES_ERROR;
				CLANG_WARN_DOCUMENTATION_COMMENTS = YES;
				CLANG_WARN_EMPTY_BODY = YES;
				CLANG_WARN_ENUM_CONVERSION = YES;
				CLANG_WARN_INFINITE_RECURSION = YES;
				CLANG_WARN_INT_CONVERSION = YES;
				CLANG_WARN_NON_LITERAL_NULL_CONVERSION = YES;
				CLANG_WARN_OBJC_IMPLICIT_RETAIN_SELF = YES;
				CLANG_WARN_OBJC_LITERAL_CONVERSION = YES;
				CLANG_WARN_OBJC_ROOT_CLASS = YES_ERROR;
				CLANG_WARN_QUOTED_INCLUDE_IN_FRAMEWORK_HEADER = YES;
				CLANG_WARN_RANGE_LOOP_ANALYSIS = YES;
				CLANG_WARN_STRICT_PROTOTYPES = YES;
				CLANG_WARN_SUSPICIOUS_MOVE = YES;
				CLANG_WARN_UNGUARDED_AVAILABILITY = YES_AGGRESSIVE;
				CLANG_WARN_UNREACHABLE_CODE = YES;
				CLANG_WARN__DUPLICATE_METHOD_MATCH = YES;
				COPY_PHASE_STRIP = NO;
				DEBUG_INFORMATION_FORMAT = "dwarf-with-dsym";
				ENABLE_NS_ASSERTIONS = NO;
				ENABLE_STRICT_OBJC_MSGSEND = YES;
				GCC_C_LANGUAGE_STANDARD = gnu11;
				GCC_NO_COMMON_BLOCKS = YES;
				GCC_WARN_64_TO_32_BIT_CONVERSION = YES;
				GCC_WARN_ABOUT_RETURN_TYPE = YES_ERROR;
				GCC_WARN_UNDECLARED_SELECTOR = YES;
				GCC_WARN_UNINITIALIZED_AUTOS = YES_AGGRESSIVE;
				GCC_WARN_UNUSED_FUNCTION = YES;
				GCC_WARN_UNUSED_VARIABLE = YES;
				IPHONEOS_DEPLOYMENT_TARGET = 15.5;
				MTL_ENABLE_DEBUG_INFO = NO;
				MTL_FAST_MATH = YES;
				SDKROOT = iphoneos;
				SWIFT_COMPILATION_MODE = wholemodule;
				SWIFT_OPTIMIZATION_LEVEL = "-O";
				VALIDATE_PRODUCT = YES;
			};
			name = Release;
		};
		52090F80286A3D31009ADB60 /* Debug */ = {
			isa = XCBuildConfiguration;
			buildSettings = {
				ASSETCATALOG_COMPILER_APPICON_NAME = AppIcon;
				ASSETCATALOG_COMPILER_GLOBAL_ACCENT_COLOR_NAME = AccentColor;
				CODE_SIGN_STYLE = Automatic;
				CURRENT_PROJECT_VERSION = 1;
				GENERATE_INFOPLIST_FILE = YES;
				INFOPLIST_FILE = toDoList/Info.plist;
				INFOPLIST_KEY_UIApplicationSupportsIndirectInputEvents = YES;
				INFOPLIST_KEY_UILaunchStoryboardName = LaunchScreen;
				INFOPLIST_KEY_UIMainStoryboardFile = Main;
				INFOPLIST_KEY_UISupportedInterfaceOrientations_iPad = "UIInterfaceOrientationPortrait UIInterfaceOrientationPortraitUpsideDown UIInterfaceOrientationLandscapeLeft UIInterfaceOrientationLandscapeRight";
				INFOPLIST_KEY_UISupportedInterfaceOrientations_iPhone = "UIInterfaceOrientationPortrait UIInterfaceOrientationLandscapeLeft UIInterfaceOrientationLandscapeRight";
				LD_RUNPATH_SEARCH_PATHS = (
					"$(inherited)",
					"@executable_path/Frameworks",
				);
				MARKETING_VERSION = 1.0;
				PRODUCT_BUNDLE_IDENTIFIER = kwk.toDoList;
				PRODUCT_NAME = "$(TARGET_NAME)";
				SWIFT_EMIT_LOC_STRINGS = YES;
				SWIFT_VERSION = 5.0;
				TARGETED_DEVICE_FAMILY = "1,2";
			};
			name = Debug;
		};
		52090F81286A3D31009ADB60 /* Release */ = {
			isa = XCBuildConfiguration;
			buildSettings = {
				ASSETCATALOG_COMPILER_APPICON_NAME = AppIcon;
				ASSETCATALOG_COMPILER_GLOBAL_ACCENT_COLOR_NAME = AccentColor;
				CODE_SIGN_STYLE = Automatic;
				CURRENT_PROJECT_VERSION = 1;
				GENERATE_INFOPLIST_FILE = YES;
				INFOPLIST_FILE = toDoList/Info.plist;
				INFOPLIST_KEY_UIApplicationSupportsIndirectInputEvents = YES;
				INFOPLIST_KEY_UILaunchStoryboardName = LaunchScreen;
				INFOPLIST_KEY_UIMainStoryboardFile = Main;
				INFOPLIST_KEY_UISupportedInterfaceOrientations_iPad = "UIInterfaceOrientationPortrait UIInterfaceOrientationPortraitUpsideDown UIInterfaceOrientationLandscapeLeft UIInterfaceOrientationLandscapeRight";
				INFOPLIST_KEY_UISupportedInterfaceOrientations_iPhone = "UIInterfaceOrientationPortrait UIInterfaceOrientationLandscapeLeft UIInterfaceOrientationLandscapeRight";
				LD_RUNPATH_SEARCH_PATHS = (
					"$(inherited)",
					"@executable_path/Frameworks",
				);
				MARKETING_VERSION = 1.0;
				PRODUCT_BUNDLE_IDENTIFIER = kwk.toDoList;
				PRODUCT_NAME = "$(TARGET_NAME)";
				SWIFT_EMIT_LOC_STRINGS = YES;
				SWIFT_VERSION = 5.0;
				TARGETED_DEVICE_FAMILY = "1,2";
			};
			name = Release;
		};
		52090F83286A3D31009ADB60 /* Debug */ = {
			isa = XCBuildConfiguration;
			buildSettings = {
				ALWAYS_EMBED_SWIFT_STANDARD_LIBRARIES = YES;
				BUNDLE_LOADER = "$(TEST_HOST)";
				CODE_SIGN_STYLE = Automatic;
				CURRENT_PROJECT_VERSION = 1;
				GENERATE_INFOPLIST_FILE = YES;
				IPHONEOS_DEPLOYMENT_TARGET = 15.5;
				MARKETING_VERSION = 1.0;
				PRODUCT_BUNDLE_IDENTIFIER = kwk.toDoListTests;
				PRODUCT_NAME = "$(TARGET_NAME)";
				SWIFT_EMIT_LOC_STRINGS = NO;
				SWIFT_VERSION = 5.0;
				TARGETED_DEVICE_FAMILY = "1,2";
				TEST_HOST = "$(BUILT_PRODUCTS_DIR)/toDoList.app/toDoList";
			};
			name = Debug;
		};
		52090F84286A3D31009ADB60 /* Release */ = {
			isa = XCBuildConfiguration;
			buildSettings = {
				ALWAYS_EMBED_SWIFT_STANDARD_LIBRARIES = YES;
				BUNDLE_LOADER = "$(TEST_HOST)";
				CODE_SIGN_STYLE = Automatic;
				CURRENT_PROJECT_VERSION = 1;
				GENERATE_INFOPLIST_FILE = YES;
				IPHONEOS_DEPLOYMENT_TARGET = 15.5;
				MARKETING_VERSION = 1.0;
				PRODUCT_BUNDLE_IDENTIFIER = kwk.toDoListTests;
				PRODUCT_NAME = "$(TARGET_NAME)";
				SWIFT_EMIT_LOC_STRINGS = NO;
				SWIFT_VERSION = 5.0;
				TARGETED_DEVICE_FAMILY = "1,2";
				TEST_HOST = "$(BUILT_PRODUCTS_DIR)/toDoList.app/toDoList";
			};
			name = Release;
		};
		52090F86286A3D31009ADB60 /* Debug */ = {
			isa = XCBuildConfiguration;
			buildSettings = {
				ALWAYS_EMBED_SWIFT_STANDARD_LIBRARIES = YES;
				CODE_SIGN_STYLE = Automatic;
				CURRENT_PROJECT_VERSION = 1;
				GENERATE_INFOPLIST_FILE = YES;
				MARKETING_VERSION = 1.0;
				PRODUCT_BUNDLE_IDENTIFIER = kwk.toDoListUITests;
				PRODUCT_NAME = "$(TARGET_NAME)";
				SWIFT_EMIT_LOC_STRINGS = NO;
				SWIFT_VERSION = 5.0;
				TARGETED_DEVICE_FAMILY = "1,2";
				TEST_TARGET_NAME = toDoList;
			};
			name = Debug;
		};
		52090F87286A3D31009ADB60 /* Release */ = {
			isa = XCBuildConfiguration;
			buildSettings = {
				ALWAYS_EMBED_SWIFT_STANDARD_LIBRARIES = YES;
				CODE_SIGN_STYLE = Automatic;
				CURRENT_PROJECT_VERSION = 1;
				GENERATE_INFOPLIST_FILE = YES;
				MARKETING_VERSION = 1.0;
				PRODUCT_BUNDLE_IDENTIFIER = kwk.toDoListUITests;
				PRODUCT_NAME = "$(TARGET_NAME)";
				SWIFT_EMIT_LOC_STRINGS = NO;
				SWIFT_VERSION = 5.0;
				TARGETED_DEVICE_FAMILY = "1,2";
				TEST_TARGET_NAME = toDoList;
			};
			name = Release;
		};
/* End XCBuildConfiguration section */

/* Begin XCConfigurationList section */
		52090F4D286A3D28009ADB60 /* Build configuration list for PBXProject "toDoList" */ = {
			isa = XCConfigurationList;
			buildConfigurations = (
				52090F7D286A3D31009ADB60 /* Debug */,
				52090F7E286A3D31009ADB60 /* Release */,
			);
			defaultConfigurationIsVisible = 0;
			defaultConfigurationName = Release;
		};
		52090F7F286A3D31009ADB60 /* Build configuration list for PBXNativeTarget "toDoList" */ = {
			isa = XCConfigurationList;
			buildConfigurations = (
				52090F80286A3D31009ADB60 /* Debug */,
				52090F81286A3D31009ADB60 /* Release */,
			);
			defaultConfigurationIsVisible = 0;
			defaultConfigurationName = Release;
		};
		52090F82286A3D31009ADB60 /* Build configuration list for PBXNativeTarget "toDoListTests" */ = {
			isa = XCConfigurationList;
			buildConfigurations = (
				52090F83286A3D31009ADB60 /* Debug */,
				52090F84286A3D31009ADB60 /* Release */,
			);
			defaultConfigurationIsVisible = 0;
			defaultConfigurationName = Release;
		};
		52090F85286A3D31009ADB60 /* Build configuration list for PBXNativeTarget "toDoListUITests" */ = {
			isa = XCConfigurationList;
			buildConfigurations = (
				52090F86286A3D31009ADB60 /* Debug */,
				52090F87286A3D31009ADB60 /* Release */,
			);
			defaultConfigurationIsVisible = 0;
			defaultConfigurationName = Release;
		};
/* End XCConfigurationList section */

/* Begin XCVersionGroup section */
		52090F5E286A3D28009ADB60 /* toDoList.xcdatamodeld */ = {
			isa = XCVersionGroup;
			children = (
				52090F5F286A3D28009ADB60 /* toDoList.xcdatamodel */,
			);
			currentVersion = 52090F5F286A3D28009ADB60 /* toDoList.xcdatamodel */;
			path = toDoList.xcdatamodeld;
			sourceTree = "<group>";
			versionGroupType = wrapper.xcdatamodel;
		};
/* End XCVersionGroup section */
	};
	rootObject = 52090F4A286A3D28009ADB60 /* Project object */;
}
